Microsoft Visual Studio Solution File, Format Version 11.00
# Visual Studio 2008

Project("{E96B0FE7-8488-4501-4370-7E1352E9EA59}") = "Udemy-Unity-Course_Number-Wizard", "Assembly-CSharp.csproj", "{B48F8F4D-B09E-5414-1CD7-F9B82BA06F90}"
EndProject
Global
	GlobalSection(SolutionConfigurationPlatforms) = preSolution
		Debug|Any CPU = Debug|Any CPU
		Release|Any CPU = Release|Any CPU
	EndGlobalSection
	GlobalSection(ProjectConfigurationPlatforms) = postSolution
		{B48F8F4D-B09E-5414-1CD7-F9B82BA06F90}.Debug|Any CPU.ActiveCfg = Debug|Any CPU
		{B48F8F4D-B09E-5414-1CD7-F9B82BA06F90}.Debug|Any CPU.Build.0 = Debug|Any CPU
		{B48F8F4D-B09E-5414-1CD7-F9B82BA06F90}.Release|Any CPU.ActiveCfg = Release|Any CPU
		{B48F8F4D-B09E-5414-1CD7-F9B82BA06F90}.Release|Any CPU.Build.0 = Release|Any CPU
	EndGlobalSection
	GlobalSection(SolutionProperties) = preSolution
		HideSolutionNode = FALSE
	EndGlobalSection
	GlobalSection(MonoDevelopProperties) = preSolution
		StartupItem = Assembly-CSharp.csproj
	EndGlobalSection
EndGlobal
